<?xml version="1.0" encoding="utf-8"?>
<Project ToolsVersion="4.0" xmlns="http://schemas.microsoft.com/developer/msbuild/2003">
  <ItemGroup>
    <Filter Include="Source Files">
      <UniqueIdentifier>{4FC737F1-C7A5-4376-A066-2A32D752A2FF}</UniqueIdentifier>
      <Extensions>cpp;c;cc;cxx;c++;cppm;ixx;def;odl;idl;hpj;bat;asm;asmx</Extensions>
    </Filter>
    <Filter Include="Header Files">
      <UniqueIdentifier>{93995380-89BD-4b04-88EB-625FBE52EBFB}</UniqueIdentifier>
      <Extensions>h;hh;hpp;hxx;h++;hm;inl;inc;ipp;xsd</Extensions>
    </Filter>
    <Filter Include="Resource Files">
      <UniqueIdentifier>{67DA6AB6-F800-4c08-8B7A-83BB121AAD01}</UniqueIdentifier>
      <Extensions>rc;ico;cur;bmp;dlg;rc2;rct;bin;rgs;gif;jpg;jpeg;jpe;resx;tiff;tif;png;wav;mfcribbon-ms</Extensions>
    </Filter>
    <Filter Include="Header Files\Vector">
      <UniqueIdentifier>{2f282e71-0739-46fe-9c08-64b9a1f72411}</UniqueIdentifier>
    </Filter>
    <Filter Include="Source Files\Vector">
      <UniqueIdentifier>{9c328951-0114-4243-a6f1-b9e74a62854c}</UniqueIdentifier>
    </Filter>
  </ItemGroup>
  <ItemGroup>
    <ClCompile Include="matrix.cpp">
      <Filter>Source Files</Filter>
    </ClCompile>
    <ClCompile Include="vector2d.cpp">
      <Filter>Source Files\Vector</Filter>
    </ClCompile>
    <ClCompile Include="vector3d.cpp">
      <Filter>Source Files\Vector</Filter>
    </ClCompile>
  </ItemGroup>
  <ItemGroup>
    <ClInclude Include="matrix.h">
      <Filter>Header Files</Filter>
    </ClInclude>
    <ClInclude Include="vector_base.h">
      <Filter>Header Files\Vector</Filter>
    </ClInclude>
    <ClInclude Include="vector2d.h">
      <Filter>Header Files\Vector</Filter>
    </ClInclude>
    <ClInclude Include="vector3d.h">
      <Filter>Header Files\Vector</Filter>
    </ClInclude>
  </ItemGroup>
</Project>