
Microsoft Visual Studio Solution File, Format Version 12.00
# Visual Studio Version 16
VisualStudioVersion = 16.0.31321.278
MinimumVisualStudioVersion = 10.0.40219.1
Project("{8BC9CEB8-8B4A-11D0-8D11-00A0C91BC942}") = "Application", "Application\Application.vcxproj", "{4FCBFD71-E472-4C8A-86D4-FAFF3538168D}"
EndProject
Project("{8BC9CEB8-8B4A-11D0-8D11-00A0C91BC942}") = "Math", "Math\Math.vcxproj", "{0EBAD770-D11F-4432-836B-7D2760876919}"
EndProject
Global
	GlobalSection(SolutionConfigurationPlatforms) = preSolution
		Debug|x64 = Debug|x64
		Debug|x86 = Debug|x86
		Release|x64 = Release|x64
		Release|x86 = Release|x86
	EndGlobalSection
	GlobalSection(ProjectConfigurationPlatforms) = postSolution
		{4FCBFD71-E472-4C8A-86D4-FAFF3538168D}.Debug|x64.ActiveCfg = Debug|x64
		{4FCBFD71-E472-4C8A-86D4-FAFF3538168D}.Debug|x64.Build.0 = Debug|x64
		{4FCBFD71-E472-4C8A-86D4-FAFF3538168D}.Debug|x86.ActiveCfg = Debug|Win32
		{4FCBFD71-E472-4C8A-86D4-FAFF3538168D}.Debug|x86.Build.0 = Debug|Win32
		{4FCBFD71-E472-4C8A-86D4-FAFF3538168D}.Release|x64.ActiveCfg = Release|x64
		{4FCBFD71-E472-4C8A-86D4-FAFF3538168D}.Release|x64.Build.0 = Release|x64
		{4FCBFD71-E472-4C8A-86D4-FAFF3538168D}.Release|x86.ActiveCfg = Release|Win32
		{4FCBFD71-E472-4C8A-86D4-FAFF3538168D}.Release|x86.Build.0 = Release|Win32
		{0EBAD770-D11F-4432-836B-7D2760876919}.Debug|x64.ActiveCfg = Debug|x64
		{0EBAD770-D11F-4432-836B-7D2760876919}.Debug|x64.Build.0 = Debug|x64
		{0EBAD770-D11F-4432-836B-7D2760876919}.Debug|x86.ActiveCfg = Debug|Win32
		{0EBAD770-D11F-4432-836B-7D2760876919}.Debug|x86.Build.0 = Debug|Win32
		{0EBAD770-D11F-4432-836B-7D2760876919}.Release|x64.ActiveCfg = Release|x64
		{0EBAD770-D11F-4432-836B-7D2760876919}.Release|x64.Build.0 = Release|x64
		{0EBAD770-D11F-4432-836B-7D2760876919}.Release|x86.ActiveCfg = Release|Win32
		{0EBAD770-D11F-4432-836B-7D2760876919}.Release|x86.Build.0 = Release|Win32
	EndGlobalSection
	GlobalSection(SolutionProperties) = preSolution
		HideSolutionNode = FALSE
	EndGlobalSection
	GlobalSection(ExtensibilityGlobals) = postSolution
		SolutionGuid = {D812AC0C-86FB-47D1-8606-F08C91681701}
	EndGlobalSection
EndGlobal
